
Microsoft Visual Studio Solution File, Format Version 12.00
# Visual Studio Version 16
VisualStudioVersion = 16.0.31515.178
MinimumVisualStudioVersion = 10.0.40219.1
Project("{FAE04EC0-301F-11D3-BF4B-00C04F79EFBC}") = "WcfServiceGetEmployees", "WcfServiceDataProvaiderEmploy\WcfServiceGetEmployees.csproj", "{E4A91910-6D17-4790-8508-60D2E1EBFD0A}"
EndProject
Global
	GlobalSection(SolutionConfigurationPlatforms) = preSolution
		Debug|Any CPU = Debug|Any CPU
		Release|Any CPU = Release|Any CPU
	EndGlobalSection
	GlobalSection(ProjectConfigurationPlatforms) = postSolution
		{E4A91910-6D17-4790-8508-60D2E1EBFD0A}.Debug|Any CPU.ActiveCfg = Debug|Any CPU
		{E4A91910-6D17-4790-8508-60D2E1EBFD0A}.Debug|Any CPU.Build.0 = Debug|Any CPU
		{E4A91910-6D17-4790-8508-60D2E1EBFD0A}.Release|Any CPU.ActiveCfg = Release|Any CPU
		{E4A91910-6D17-4790-8508-60D2E1EBFD0A}.Release|Any CPU.Build.0 = Release|Any CPU
	EndGlobalSection
	GlobalSection(SolutionProperties) = preSolution
		HideSolutionNode = FALSE
	EndGlobalSection
	GlobalSection(ExtensibilityGlobals) = postSolution
		SolutionGuid = {F4B2F316-37DC-483C-9438-FE940F2A437C}
	EndGlobalSection
	GlobalSection(TeamFoundationVersionControl) = preSolution
		SccNumberOfProjects = 2
		SccEnterpriseProvider = {4CA58AB2-18FA-4F8D-95D4-32DDF27D184C}
		SccTeamFoundationServer = https://dev.azure.com/integrosandbox
		SccLocalPath0 = .
		SccProjectUniqueName1 = WcfServiceDataProvaiderEmploy\\WcfServiceGetEmployees.csproj
		SccProjectName1 = WcfServiceDataProvaiderEmploy
		SccLocalPath1 = WcfServiceDataProvaiderEmploy
	EndGlobalSection
EndGlobal
